
Microsoft Visual Studio Solution File, Format Version 12.00
# Visual Studio 15
VisualStudioVersion = 15.0.27428.2043
MinimumVisualStudioVersion = 10.0.40219.1
Project("{FAE04EC0-301F-11D3-BF4B-00C04F79EFBC}") = "ProyectoGit", "ProyectoGit\ProyectoGit.csproj", "{9B6F78A8-7193-4C95-AC0B-04D155689257}"
EndProject
Global
	GlobalSection(SolutionConfigurationPlatforms) = preSolution
		Debug|Any CPU = Debug|Any CPU
		Release|Any CPU = Release|Any CPU
	EndGlobalSection
	GlobalSection(ProjectConfigurationPlatforms) = postSolution
		{9B6F78A8-7193-4C95-AC0B-04D155689257}.Debug|Any CPU.ActiveCfg = Debug|Any CPU
		{9B6F78A8-7193-4C95-AC0B-04D155689257}.Debug|Any CPU.Build.0 = Debug|Any CPU
		{9B6F78A8-7193-4C95-AC0B-04D155689257}.Release|Any CPU.ActiveCfg = Release|Any CPU
		{9B6F78A8-7193-4C95-AC0B-04D155689257}.Release|Any CPU.Build.0 = Release|Any CPU
	EndGlobalSection
	GlobalSection(SolutionProperties) = preSolution
		HideSolutionNode = FALSE
	EndGlobalSection
	GlobalSection(ExtensibilityGlobals) = postSolution
		SolutionGuid = {2450BDF2-56C7-4309-8965-D32F04B3B4E1}
	EndGlobalSection
EndGlobal
